# THIS IS AN AUTOGENERATED FILE. DO NOT EDIT THIS FILE DIRECTLY.
# yarn lockfile v1


"@calcit/procs@^0.6.0-a3":
  version "0.6.0-a3"
  resolved "https://registry.yarnpkg.com/@calcit/procs/-/procs-0.6.0-a3.tgz#699e603ec52b2a50e58259930749da56f3351ee1"
  integrity sha512-me0e9ZeNYPDwVirDJ+13xqa8M3mDR6GkEjFBgULZnk82ned1s4D5XsOKiMYzGBaqanrpv0108JIjILQciMDk5g==
  dependencies:
    "@calcit/ternary-tree" "0.0.19"
    "@cirru/parser.ts" "^0.0.5"
    "@cirru/writer.ts" "^0.1.3"

"@calcit/ternary-tree@0.0.19":
  version "0.0.19"
  resolved "https://registry.yarnpkg.com/@calcit/ternary-tree/-/ternary-tree-0.0.19.tgz#b5b33a3d07a9e603feeef7cd642958c83628122f"
  integrity sha512-dn2kNlcOQOPtCAeE68MHcRgrZzRP+jNKBmDW2wO0S8HTUA2SeAbpzZoK0HfcTHFmlGl6yKpjZ95rICQ319AjcA==

"@cirru/parser.ts@^0.0.5":
  version "0.0.5"
  resolved "https://registry.yarnpkg.com/@cirru/parser.ts/-/parser.ts-0.0.5.tgz#12325a69561b95e219e049790c53d5479dc2c1e5"
  integrity sha512-jmucRW6fQX+HhFZKeN37TDO8ejBxgxLDX9RvU7WKSDM/7peGtfyu9+b6G8NMi4a8wqpDACTvnzbgZId7Xi5bHw==

"@cirru/writer.ts@^0.1.3":
  version "0.1.3"
  resolved "https://registry.yarnpkg.com/@cirru/writer.ts/-/writer.ts-0.1.3.tgz#5f54bdecaa20ba3dab16cbe6da711854138a9c0a"
  integrity sha512-vJnhmhm7we5UfQIwmZfQpF3bAFbVybzT6LbmkbQHxgijaQg3gPfNVsnSIa3g3KpmWVtvkzEx+nUy5aMwsJiV1A==
